
Microsoft Visual Studio Solution File, Format Version 12.00
# Visual Studio Version 17
VisualStudioVersion = 17.0.32112.339
MinimumVisualStudioVersion = 10.0.40219.1
Project("{FAE04EC0-301F-11D3-BF4B-00C04F79EFBC}") = "Presentation", "Presentation\Presentation.csproj", "{3754E675-0EDB-4F45-9DD5-99252292768C}"
EndProject
Project("{FAE04EC0-301F-11D3-BF4B-00C04F79EFBC}") = "DataAccess", "DataAccess\DataAccess.csproj", "{8CA85EB7-6CFB-42E0-9BD0-2F4F556A8999}"
EndProject
Project("{FAE04EC0-301F-11D3-BF4B-00C04F79EFBC}") = "DTO", "DTO\DTO.csproj", "{1D952720-6B37-4848-98CE-46EFFAF844A3}"
EndProject
Project("{FAE04EC0-301F-11D3-BF4B-00C04F79EFBC}") = "Helper", "Helper\Helper.csproj", "{CF460E78-3EA0-43C2-A0DE-0F03DFC08DE6}"
EndProject
Project("{FAE04EC0-301F-11D3-BF4B-00C04F79EFBC}") = "Services", "Services\Services.csproj", "{5D09B91A-02DE-4B19-A5CA-BCBD95190E7A}"
EndProject
Global
	GlobalSection(SolutionConfigurationPlatforms) = preSolution
		Debug|Any CPU = Debug|Any CPU
		Release|Any CPU = Release|Any CPU
	EndGlobalSection
	GlobalSection(ProjectConfigurationPlatforms) = postSolution
		{3754E675-0EDB-4F45-9DD5-99252292768C}.Debug|Any CPU.ActiveCfg = Debug|Any CPU
		{3754E675-0EDB-4F45-9DD5-99252292768C}.Debug|Any CPU.Build.0 = Debug|Any CPU
		{3754E675-0EDB-4F45-9DD5-99252292768C}.Release|Any CPU.ActiveCfg = Release|Any CPU
		{3754E675-0EDB-4F45-9DD5-99252292768C}.Release|Any CPU.Build.0 = Release|Any CPU
		{8CA85EB7-6CFB-42E0-9BD0-2F4F556A8999}.Debug|Any CPU.ActiveCfg = Debug|Any CPU
		{8CA85EB7-6CFB-42E0-9BD0-2F4F556A8999}.Debug|Any CPU.Build.0 = Debug|Any CPU
		{8CA85EB7-6CFB-42E0-9BD0-2F4F556A8999}.Release|Any CPU.ActiveCfg = Release|Any CPU
		{8CA85EB7-6CFB-42E0-9BD0-2F4F556A8999}.Release|Any CPU.Build.0 = Release|Any CPU
		{1D952720-6B37-4848-98CE-46EFFAF844A3}.Debug|Any CPU.ActiveCfg = Debug|Any CPU
		{1D952720-6B37-4848-98CE-46EFFAF844A3}.Debug|Any CPU.Build.0 = Debug|Any CPU
		{1D952720-6B37-4848-98CE-46EFFAF844A3}.Release|Any CPU.ActiveCfg = Release|Any CPU
		{1D952720-6B37-4848-98CE-46EFFAF844A3}.Release|Any CPU.Build.0 = Release|Any CPU
		{CF460E78-3EA0-43C2-A0DE-0F03DFC08DE6}.Debug|Any CPU.ActiveCfg = Debug|Any CPU
		{CF460E78-3EA0-43C2-A0DE-0F03DFC08DE6}.Debug|Any CPU.Build.0 = Debug|Any CPU
		{CF460E78-3EA0-43C2-A0DE-0F03DFC08DE6}.Release|Any CPU.ActiveCfg = Release|Any CPU
		{CF460E78-3EA0-43C2-A0DE-0F03DFC08DE6}.Release|Any CPU.Build.0 = Release|Any CPU
		{5D09B91A-02DE-4B19-A5CA-BCBD95190E7A}.Debug|Any CPU.ActiveCfg = Debug|Any CPU
		{5D09B91A-02DE-4B19-A5CA-BCBD95190E7A}.Debug|Any CPU.Build.0 = Debug|Any CPU
		{5D09B91A-02DE-4B19-A5CA-BCBD95190E7A}.Release|Any CPU.ActiveCfg = Release|Any CPU
		{5D09B91A-02DE-4B19-A5CA-BCBD95190E7A}.Release|Any CPU.Build.0 = Release|Any CPU
	EndGlobalSection
	GlobalSection(SolutionProperties) = preSolution
		HideSolutionNode = FALSE
	EndGlobalSection
	GlobalSection(ExtensibilityGlobals) = postSolution
		SolutionGuid = {9855B259-51E7-433A-B436-1705F88F46F6}
	EndGlobalSection
EndGlobal
